// !$*UTF8*$!
{
	archiveVersion = 1;
	classes = {
	};
	objectVersion = 46;
	objects = {

/* Begin PBXBuildFile section */
		90AF02ED1EA1515E00513FD5 /* AppDelegate.swift in Sources */ = {isa = PBXBuildFile; fileRef = 90AF02EC1EA1515E00513FD5 /* AppDelegate.swift */; };
		90AF02F21EA1515E00513FD5 /* Main.storyboard in Resources */ = {isa = PBXBuildFile; fileRef = 90AF02F01EA1515E00513FD5 /* Main.storyboard */; };
		90AF02F51EA1515E00513FD5 /* SimpleStock.xcdatamodeld in Sources */ = {isa = PBXBuildFile; fileRef = 90AF02F31EA1515E00513FD5 /* SimpleStock.xcdatamodeld */; };
		90AF02F71EA1515E00513FD5 /* Assets.xcassets in Resources */ = {isa = PBXBuildFile; fileRef = 90AF02F61EA1515E00513FD5 /* Assets.xcassets */; };
		90AF02FA1EA1515E00513FD5 /* LaunchScreen.storyboard in Resources */ = {isa = PBXBuildFile; fileRef = 90AF02F81EA1515E00513FD5 /* LaunchScreen.storyboard */; };
		90AF03091EA15FED00513FD5 /* AMEX.csv in Resources */ = {isa = PBXBuildFile; fileRef = 90AF03061EA15FED00513FD5 /* AMEX.csv */; };
		90AF030A1EA15FED00513FD5 /* NYSE.csv in Resources */ = {isa = PBXBuildFile; fileRef = 90AF03071EA15FED00513FD5 /* NYSE.csv */; };
		90AF030B1EA15FED00513FD5 /* NASDAQ.csv in Resources */ = {isa = PBXBuildFile; fileRef = 90AF03081EA15FED00513FD5 /* NASDAQ.csv */; };
		90AF030D1EA1636B00513FD5 /* Stock.swift in Sources */ = {isa = PBXBuildFile; fileRef = 90AF030C1EA1636B00513FD5 /* Stock.swift */; };
		90AF031A1EA16B5300513FD5 /* StockChart+CoreDataClass.swift in Sources */ = {isa = PBXBuildFile; fileRef = 90AF03181EA16B5300513FD5 /* StockChart+CoreDataClass.swift */; };
		90AF031B1EA16B5300513FD5 /* StockChart+CoreDataProperties.swift in Sources */ = {isa = PBXBuildFile; fileRef = 90AF03191EA16B5300513FD5 /* StockChart+CoreDataProperties.swift */; };
/* End PBXBuildFile section */

/* Begin PBXFileReference section */
		90AF02E91EA1515E00513FD5 /* SimpleStock.app */ = {isa = PBXFileReference; explicitFileType = wrapper.application; includeInIndex = 0; path = SimpleStock.app; sourceTree = BUILT_PRODUCTS_DIR; };
		90AF02EC1EA1515E00513FD5 /* AppDelegate.swift */ = {isa = PBXFileReference; lastKnownFileType = sourcecode.swift; path = AppDelegate.swift; sourceTree = "<group>"; };
		90AF02F11EA1515E00513FD5 /* Base */ = {isa = PBXFileReference; lastKnownFileType = file.storyboard; name = Base; path = Base.lproj/Main.storyboard; sourceTree = "<group>"; };
		90AF02F41EA1515E00513FD5 /* SimpleStock.xcdatamodel */ = {isa = PBXFileReference; lastKnownFileType = wrapper.xcdatamodel; path = SimpleStock.xcdatamodel; sourceTree = "<group>"; };
		90AF02F61EA1515E00513FD5 /* Assets.xcassets */ = {isa = PBXFileReference; lastKnownFileType = folder.assetcatalog; path = Assets.xcassets; sourceTree = "<group>"; };
		90AF02F91EA1515E00513FD5 /* Base */ = {isa = PBXFileReference; lastKnownFileType = file.storyboard; name = Base; path = Base.lproj/LaunchScreen.storyboard; sourceTree = "<group>"; };
		90AF02FB1EA1515E00513FD5 /* Info.plist */ = {isa = PBXFileReference; lastKnownFileType = text.plist.xml; path = Info.plist; sourceTree = "<group>"; };
		90AF03061EA15FED00513FD5 /* AMEX.csv */ = {isa = PBXFileReference; fileEncoding = 4; lastKnownFileType = text; path = AMEX.csv; sourceTree = "<group>"; };
		90AF03071EA15FED00513FD5 /* NYSE.csv */ = {isa = PBXFileReference; fileEncoding = 4; lastKnownFileType = text; path = NYSE.csv; sourceTree = "<group>"; };
		90AF03081EA15FED00513FD5 /* NASDAQ.csv */ = {isa = PBXFileReference; fileEncoding = 4; lastKnownFileType = text; path = NASDAQ.csv; sourceTree = "<group>"; };
		90AF030C1EA1636B00513FD5 /* Stock.swift */ = {isa = PBXFileReference; fileEncoding = 4; lastKnownFileType = sourcecode.swift; path = Stock.swift; sourceTree = "<group>"; };
		90AF03181EA16B5300513FD5 /* StockChart+CoreDataClass.swift */ = {isa = PBXFileReference; fileEncoding = 4; lastKnownFileType = sourcecode.swift; name = "StockChart+CoreDataClass.swift"; path = "../StockChart+CoreDataClass.swift"; sourceTree = "<group>"; };
		90AF03191EA16B5300513FD5 /* StockChart+CoreDataProperties.swift */ = {isa = PBXFileReference; fileEncoding = 4; lastKnownFileType = sourcecode.swift; name = "StockChart+CoreDataProperties.swift"; path = "../StockChart+CoreDataProperties.swift"; sourceTree = "<group>"; };
/* End PBXFileReference section */

/* Begin PBXFrameworksBuildPhase section */
		90AF02E61EA1515E00513FD5 /* Frameworks */ = {
			isa = PBXFrameworksBuildPhase;
			buildActionMask = 2147483647;
			files = (
			);
			runOnlyForDeploymentPostprocessing = 0;
		};
/* End PBXFrameworksBuildPhase section */

/* Begin PBXGroup section */
		90AF02E01EA1515D00513FD5 = {
			isa = PBXGroup;
			children = (
				90AF02EB1EA1515E00513FD5 /* SimpleStock */,
				90AF02EA1EA1515E00513FD5 /* Products */,
			);
			sourceTree = "<group>";
		};
		90AF02EA1EA1515E00513FD5 /* Products */ = {
			isa = PBXGroup;
			children = (
				90AF02E91EA1515E00513FD5 /* SimpleStock.app */,
			);
			name = Products;
			sourceTree = "<group>";
		};
		90AF02EB1EA1515E00513FD5 /* SimpleStock */ = {
			isa = PBXGroup;
			children = (
				90AF03021EA15BBF00513FD5 /* Supporing Files */,
				90AF03041EA15BD600513FD5 /* ViewController */,
				90AF03031EA15BCF00513FD5 /* Model */,
				90AF03011EA15BB600513FD5 /* View */,
			);
			path = SimpleStock;
			sourceTree = "<group>";
		};
		90AF03011EA15BB600513FD5 /* View */ = {
			isa = PBXGroup;
			children = (
			);
			name = View;
			sourceTree = "<group>";
		};
		90AF03021EA15BBF00513FD5 /* Supporing Files */ = {
			isa = PBXGroup;
			children = (
				90AF02EC1EA1515E00513FD5 /* AppDelegate.swift */,
				90AF02F61EA1515E00513FD5 /* Assets.xcassets */,
				90AF02F81EA1515E00513FD5 /* LaunchScreen.storyboard */,
				90AF02FB1EA1515E00513FD5 /* Info.plist */,
				90AF03061EA15FED00513FD5 /* AMEX.csv */,
				90AF03071EA15FED00513FD5 /* NYSE.csv */,
				90AF03081EA15FED00513FD5 /* NASDAQ.csv */,
			);
			name = "Supporing Files";
			sourceTree = "<group>";
		};
		90AF03031EA15BCF00513FD5 /* Model */ = {
			isa = PBXGroup;
			children = (
				90AF03051EA15C5000513FD5 /* CoreData */,
				90AF030C1EA1636B00513FD5 /* Stock.swift */,
			);
			name = Model;
			sourceTree = "<group>";
		};
		90AF03041EA15BD600513FD5 /* ViewController */ = {
			isa = PBXGroup;
			children = (
				90AF02F01EA1515E00513FD5 /* Main.storyboard */,
			);
			name = ViewController;
			sourceTree = "<group>";
		};
		90AF03051EA15C5000513FD5 /* CoreData */ = {
			isa = PBXGroup;
			children = (
				90AF03181EA16B5300513FD5 /* StockChart+CoreDataClass.swift */,
				90AF03191EA16B5300513FD5 /* StockChart+CoreDataProperties.swift */,
				90AF02F31EA1515E00513FD5 /* SimpleStock.xcdatamodeld */,
			);
			name = CoreData;
			sourceTree = "<group>";
		};
/* End PBXGroup section */

/* Begin PBXNativeTarget section */
		90AF02E81EA1515E00513FD5 /* SimpleStock */ = {
			isa = PBXNativeTarget;
			buildConfigurationList = 90AF02FE1EA1515E00513FD5 /* Build configuration list for PBXNativeTarget "SimpleStock" */;
			buildPhases = (
				90AF02E51EA1515E00513FD5 /* Sources */,
				90AF02E61EA1515E00513FD5 /* Frameworks */,
				90AF02E71EA1515E00513FD5 /* Resources */,
			);
			buildRules = (
			);
			dependencies = (
			);
			name = SimpleStock;
			productName = SimpleStock;
			productReference = 90AF02E91EA1515E00513FD5 /* SimpleStock.app */;
			productType = "com.apple.product-type.application";
		};
/* End PBXNativeTarget section */

/* Begin PBXProject section */
		90AF02E11EA1515E00513FD5 /* Project object */ = {
			isa = PBXProject;
			attributes = {
				LastSwiftUpdateCheck = 0830;
				LastUpgradeCheck = 0830;
				ORGANIZATIONNAME = "Corey Pett";
				TargetAttributes = {
					90AF02E81EA1515E00513FD5 = {
						CreatedOnToolsVersion = 8.3.1;
						DevelopmentTeam = LE87SQ7BUA;
						ProvisioningStyle = Automatic;
					};
				};
			};
			buildConfigurationList = 90AF02E41EA1515E00513FD5 /* Build configuration list for PBXProject "SimpleStock" */;
			compatibilityVersion = "Xcode 3.2";
			developmentRegion = English;
			hasScannedForEncodings = 0;
			knownRegions = (
				en,
				Base,
			);
			mainGroup = 90AF02E01EA1515D00513FD5;
			productRefGroup = 90AF02EA1EA1515E00513FD5 /* Products */;
			projectDirPath = "";
			projectRoot = "";
			targets = (
				90AF02E81EA1515E00513FD5 /* SimpleStock */,
			);
		};
/* End PBXProject section */

/* Begin PBXResourcesBuildPhase section */
		90AF02E71EA1515E00513FD5 /* Resources */ = {
			isa = PBXResourcesBuildPhase;
			buildActionMask = 2147483647;
			files = (
				90AF030B1EA15FED00513FD5 /* NASDAQ.csv in Resources */,
				90AF02FA1EA1515E00513FD5 /* LaunchScreen.storyboard in Resources */,
				90AF03091EA15FED00513FD5 /* AMEX.csv in Resources */,
				90AF02F71EA1515E00513FD5 /* Assets.xcassets in Resources */,
				90AF030A1EA15FED00513FD5 /* NYSE.csv in Resources */,
				90AF02F21EA1515E00513FD5 /* Main.storyboard in Resources */,
			);
			runOnlyForDeploymentPostprocessing = 0;
		};
/* End PBXResourcesBuildPhase section */

/* Begin PBXSourcesBuildPhase section */
		90AF02E51EA1515E00513FD5 /* Sources */ = {
			isa = PBXSourcesBuildPhase;
			buildActionMask = 2147483647;
			files = (
				90AF02F51EA1515E00513FD5 /* SimpleStock.xcdatamodeld in Sources */,
				90AF02ED1EA1515E00513FD5 /* AppDelegate.swift in Sources */,
				90AF030D1EA1636B00513FD5 /* Stock.swift in Sources */,
				90AF031A1EA16B5300513FD5 /* StockChart+CoreDataClass.swift in Sources */,
				90AF031B1EA16B5300513FD5 /* StockChart+CoreDataProperties.swift in Sources */,
			);
			runOnlyForDeploymentPostprocessing = 0;
		};
/* End PBXSourcesBuildPhase section */

/* Begin PBXVariantGroup section */
		90AF02F01EA1515E00513FD5 /* Main.storyboard */ = {
			isa = PBXVariantGroup;
			children = (
				90AF02F11EA1515E00513FD5 /* Base */,
			);
			name = Main.storyboard;
			sourceTree = "<group>";
		};
		90AF02F81EA1515E00513FD5 /* LaunchScreen.storyboard */ = {
			isa = PBXVariantGroup;
			children = (
				90AF02F91EA1515E00513FD5 /* Base */,
			);
			name = LaunchScreen.storyboard;
			sourceTree = "<group>";
		};
/* End PBXVariantGroup section */

/* Begin XCBuildConfiguration section */
		90AF02FC1EA1515E00513FD5 /* Debug */ = {
			isa = XCBuildConfiguration;
			buildSettings = {
				ALWAYS_SEARCH_USER_PATHS = NO;
				CLANG_ANALYZER_NONNULL = YES;
				CLANG_ANALYZER_NUMBER_OBJECT_CONVERSION = YES_AGGRESSIVE;
				CLANG_CXX_LANGUAGE_STANDARD = "gnu++0x";
				CLANG_CXX_LIBRARY = "libc++";
				CLANG_ENABLE_MODULES = YES;
				CLANG_ENABLE_OBJC_ARC = YES;
				CLANG_WARN_BOOL_CONVERSION = YES;
				CLANG_WARN_CONSTANT_CONVERSION = YES;
				CLANG_WARN_DIRECT_OBJC_ISA_USAGE = YES_ERROR;
				CLANG_WARN_DOCUMENTATION_COMMENTS = YES;
				CLANG_WARN_EMPTY_BODY = YES;
				CLANG_WARN_ENUM_CONVERSION = YES;
				CLANG_WARN_INFINITE_RECURSION = YES;
				CLANG_WARN_INT_CONVERSION = YES;
				CLANG_WARN_OBJC_ROOT_CLASS = YES_ERROR;
				CLANG_WARN_SUSPICIOUS_MOVE = YES;
				CLANG_WARN_UNREACHABLE_CODE = YES;
				CLANG_WARN__DUPLICATE_METHOD_MATCH = YES;
				"CODE_SIGN_IDENTITY[sdk=iphoneos*]" = "iPhone Developer";
				COPY_PHASE_STRIP = NO;
				DEBUG_INFORMATION_FORMAT = dwarf;
				ENABLE_STRICT_OBJC_MSGSEND = YES;
				ENABLE_TESTABILITY = YES;
				GCC_C_LANGUAGE_STANDARD = gnu99;
				GCC_DYNAMIC_NO_PIC = NO;
				GCC_NO_COMMON_BLOCKS = YES;
				GCC_OPTIMIZATION_LEVEL = 0;
				GCC_PREPROCESSOR_DEFINITIONS = (
					"DEBUG=1",
					"$(inherited)",
				);
				GCC_WARN_64_TO_32_BIT_CONVERSION = YES;
				GCC_WARN_ABOUT_RETURN_TYPE = YES_ERROR;
				GCC_WARN_UNDECLARED_SELECTOR = YES;
				GCC_WARN_UNINITIALIZED_AUTOS = YES_AGGRESSIVE;
				GCC_WARN_UNUSED_FUNCTION = YES;
				GCC_WARN_UNUSED_VARIABLE = YES;
				IPHONEOS_DEPLOYMENT_TARGET = 10.3;
				MTL_ENABLE_DEBUG_INFO = YES;
				ONLY_ACTIVE_ARCH = YES;
				SDKROOT = iphoneos;
				SWIFT_ACTIVE_COMPILATION_CONDITIONS = DEBUG;
				SWIFT_OPTIMIZATION_LEVEL = "-Onone";
				TARGETED_DEVICE_FAMILY = "1,2";
			};
			name = Debug;
		};
		90AF02FD1EA1515E00513FD5 /* Release */ = {
			isa = XCBuildConfiguration;
			buildSettings = {
				ALWAYS_SEARCH_USER_PATHS = NO;
				CLANG_ANALYZER_NONNULL = YES;
				CLANG_ANALYZER_NUMBER_OBJECT_CONVERSION = YES_AGGRESSIVE;
				CLANG_CXX_LANGUAGE_STANDARD = "gnu++0x";
				CLANG_CXX_LIBRARY = "libc++";
				CLANG_ENABLE_MODULES = YES;
				CLANG_ENABLE_OBJC_ARC = YES;
				CLANG_WARN_BOOL_CONVERSION = YES;
				CLANG_WARN_CONSTANT_CONVERSION = YES;
				CLANG_WARN_DIRECT_OBJC_ISA_USAGE = YES_ERROR;
				CLANG_WARN_DOCUMENTATION_COMMENTS = YES;
				CLANG_WARN_EMPTY_BODY = YES;
				CLANG_WARN_ENUM_CONVERSION = YES;
				CLANG_WARN_INFINITE_RECURSION = YES;
				CLANG_WARN_INT_CONVERSION = YES;
				CLANG_WARN_OBJC_ROOT_CLASS = YES_ERROR;
				CLANG_WARN_SUSPICIOUS_MOVE = YES;
				CLANG_WARN_UNREACHABLE_CODE = YES;
				CLANG_WARN__DUPLICATE_METHOD_MATCH = YES;
				"CODE_SIGN_IDENTITY[sdk=iphoneos*]" = "iPhone Developer";
				COPY_PHASE_STRIP = NO;
				DEBUG_INFORMATION_FORMAT = "dwarf-with-dsym";
				ENABLE_NS_ASSERTIONS = NO;
				ENABLE_STRICT_OBJC_MSGSEND = YES;
				GCC_C_LANGUAGE_STANDARD = gnu99;
				GCC_NO_COMMON_BLOCKS = YES;
				GCC_WARN_64_TO_32_BIT_CONVERSION = YES;
				GCC_WARN_ABOUT_RETURN_TYPE = YES_ERROR;
				GCC_WARN_UNDECLARED_SELECTOR = YES;
				GCC_WARN_UNINITIALIZED_AUTOS = YES_AGGRESSIVE;
				GCC_WARN_UNUSED_FUNCTION = YES;
				GCC_WARN_UNUSED_VARIABLE = YES;
				IPHONEOS_DEPLOYMENT_TARGET = 10.3;
				MTL_ENABLE_DEBUG_INFO = NO;
				SDKROOT = iphoneos;
				SWIFT_OPTIMIZATION_LEVEL = "-Owholemodule";
				TARGETED_DEVICE_FAMILY = "1,2";
				VALIDATE_PRODUCT = YES;
			};
			name = Release;
		};
		90AF02FF1EA1515E00513FD5 /* Debug */ = {
			isa = XCBuildConfiguration;
			buildSettings = {
				ASSETCATALOG_COMPILER_APPICON_NAME = AppIcon;
				DEVELOPMENT_TEAM = LE87SQ7BUA;
				INFOPLIST_FILE = SimpleStock/Info.plist;
				LD_RUNPATH_SEARCH_PATHS = "$(inherited) @executable_path/Frameworks";
				PRODUCT_BUNDLE_IDENTIFIER = CP.SimpleStock;
				PRODUCT_NAME = "$(TARGET_NAME)";
				SWIFT_VERSION = 3.0;
			};
			name = Debug;
		};
		90AF03001EA1515E00513FD5 /* Release */ = {
			isa = XCBuildConfiguration;
			buildSettings = {
				ASSETCATALOG_COMPILER_APPICON_NAME = AppIcon;
				DEVELOPMENT_TEAM = LE87SQ7BUA;
				INFOPLIST_FILE = SimpleStock/Info.plist;
				LD_RUNPATH_SEARCH_PATHS = "$(inherited) @executable_path/Frameworks";
				PRODUCT_BUNDLE_IDENTIFIER = CP.SimpleStock;
				PRODUCT_NAME = "$(TARGET_NAME)";
				SWIFT_VERSION = 3.0;
			};
			name = Release;
		};
/* End XCBuildConfiguration section */

/* Begin XCConfigurationList section */
		90AF02E41EA1515E00513FD5 /* Build configuration list for PBXProject "SimpleStock" */ = {
			isa = XCConfigurationList;
			buildConfigurations = (
				90AF02FC1EA1515E00513FD5 /* Debug */,
				90AF02FD1EA1515E00513FD5 /* Release */,
			);
			defaultConfigurationIsVisible = 0;
			defaultConfigurationName = Release;
		};
		90AF02FE1EA1515E00513FD5 /* Build configuration list for PBXNativeTarget "SimpleStock" */ = {
			isa = XCConfigurationList;
			buildConfigurations = (
				90AF02FF1EA1515E00513FD5 /* Debug */,
				90AF03001EA1515E00513FD5 /* Release */,
			);
			defaultConfigurationIsVisible = 0;
			defaultConfigurationName = Release;
		};
/* End XCConfigurationList section */

/* Begin XCVersionGroup section */
		90AF02F31EA1515E00513FD5 /* SimpleStock.xcdatamodeld */ = {
			isa = XCVersionGroup;
			children = (
				90AF02F41EA1515E00513FD5 /* SimpleStock.xcdatamodel */,
			);
			currentVersion = 90AF02F41EA1515E00513FD5 /* SimpleStock.xcdatamodel */;
			path = SimpleStock.xcdatamodeld;
			sourceTree = "<group>";
			versionGroupType = wrapper.xcdatamodel;
		};
/* End XCVersionGroup section */
	};
	rootObject = 90AF02E11EA1515E00513FD5 /* Project object */;
}
