// !$*UTF8*$!
{
	archiveVersion = 1;
	classes = {
	};
	objectVersion = 46;
	objects = {

/* Begin PBXBuildFile section */
		421A75FA52D8A3E1942B6C93 /* Pods_SimpleStock.framework in Frameworks */ = {isa = PBXBuildFile; fileRef = 35A25629CE07FECB07236F2B /* Pods_SimpleStock.framework */; };
		4245E7A93F72B0C6F3C85071 /* Pods_SimpleStock_SimpleStockTests.framework in Frameworks */ = {isa = PBXBuildFile; fileRef = 50A5A07724DE2AF904A796AE /* Pods_SimpleStock_SimpleStockTests.framework */; };
		90A43A0D1EA5235100A9F033 /* Search.storyboard in Resources */ = {isa = PBXBuildFile; fileRef = 90A43A0C1EA5235100A9F033 /* Search.storyboard */; };
		90A43A0F1EA5239900A9F033 /* LaunchViewController.swift in Sources */ = {isa = PBXBuildFile; fileRef = 90A43A0E1EA5239900A9F033 /* LaunchViewController.swift */; };
		90A43A111EA5310F00A9F033 /* Storyboard.swift in Sources */ = {isa = PBXBuildFile; fileRef = 90A43A101EA5310F00A9F033 /* Storyboard.swift */; };
		90A43A131EA5513C00A9F033 /* SearchTableViewCell.swift in Sources */ = {isa = PBXBuildFile; fileRef = 90A43A121EA5513C00A9F033 /* SearchTableViewCell.swift */; };
		90A43A181EA55BF000A9F033 /* SearchTableViewCell.xib in Resources */ = {isa = PBXBuildFile; fileRef = 90A43A171EA55BF000A9F033 /* SearchTableViewCell.xib */; };
		90AF02ED1EA1515E00513FD5 /* AppDelegate.swift in Sources */ = {isa = PBXBuildFile; fileRef = 90AF02EC1EA1515E00513FD5 /* AppDelegate.swift */; };
		90AF02F21EA1515E00513FD5 /* Main.storyboard in Resources */ = {isa = PBXBuildFile; fileRef = 90AF02F01EA1515E00513FD5 /* Main.storyboard */; };
		90AF02F51EA1515E00513FD5 /* SimpleStock.xcdatamodeld in Sources */ = {isa = PBXBuildFile; fileRef = 90AF02F31EA1515E00513FD5 /* SimpleStock.xcdatamodeld */; };
		90AF02F71EA1515E00513FD5 /* Assets.xcassets in Resources */ = {isa = PBXBuildFile; fileRef = 90AF02F61EA1515E00513FD5 /* Assets.xcassets */; };
		90AF02FA1EA1515E00513FD5 /* LaunchScreen.storyboard in Resources */ = {isa = PBXBuildFile; fileRef = 90AF02F81EA1515E00513FD5 /* LaunchScreen.storyboard */; };
		90AF03091EA15FED00513FD5 /* AMEX.csv in Resources */ = {isa = PBXBuildFile; fileRef = 90AF03061EA15FED00513FD5 /* AMEX.csv */; };
		90AF030A1EA15FED00513FD5 /* NYSE.csv in Resources */ = {isa = PBXBuildFile; fileRef = 90AF03071EA15FED00513FD5 /* NYSE.csv */; };
		90AF030B1EA15FED00513FD5 /* NASDAQ.csv in Resources */ = {isa = PBXBuildFile; fileRef = 90AF03081EA15FED00513FD5 /* NASDAQ.csv */; };
		90AF03231EA171BB00513FD5 /* Chart.storyboard in Resources */ = {isa = PBXBuildFile; fileRef = 90AF03221EA171BB00513FD5 /* Chart.storyboard */; };
		90AF03251EA171E900513FD5 /* ChartViewController.swift in Sources */ = {isa = PBXBuildFile; fileRef = 90AF03241EA171E900513FD5 /* ChartViewController.swift */; };
		90AF03271EA171FD00513FD5 /* SearchViewController.swift in Sources */ = {isa = PBXBuildFile; fileRef = 90AF03261EA171FD00513FD5 /* SearchViewController.swift */; };
		90AF03331EA1AD5C00513FD5 /* CSVHandler.swift in Sources */ = {isa = PBXBuildFile; fileRef = 90AF03321EA1AD5C00513FD5 /* CSVHandler.swift */; };
		90AF03411EA2BB3500513FD5 /* Stock+CoreDataClass.swift in Sources */ = {isa = PBXBuildFile; fileRef = 90AF033D1EA2BB3500513FD5 /* Stock+CoreDataClass.swift */; };
		90AF03421EA2BB3500513FD5 /* Stock+CoreDataProperties.swift in Sources */ = {isa = PBXBuildFile; fileRef = 90AF033E1EA2BB3500513FD5 /* Stock+CoreDataProperties.swift */; };
		90AF03431EA2BB3500513FD5 /* StockChart+CoreDataClass.swift in Sources */ = {isa = PBXBuildFile; fileRef = 90AF033F1EA2BB3500513FD5 /* StockChart+CoreDataClass.swift */; };
		90AF03441EA2BB3500513FD5 /* StockChart+CoreDataProperties.swift in Sources */ = {isa = PBXBuildFile; fileRef = 90AF03401EA2BB3500513FD5 /* StockChart+CoreDataProperties.swift */; };
		90AF03461EA2DBC600513FD5 /* ProgressView.swift in Sources */ = {isa = PBXBuildFile; fileRef = 90AF03451EA2DBC600513FD5 /* ProgressView.swift */; };
		90AF034E1EA2F44600513FD5 /* SimpleStockTests.swift in Sources */ = {isa = PBXBuildFile; fileRef = 90AF034D1EA2F44600513FD5 /* SimpleStockTests.swift */; };
/* End PBXBuildFile section */

/* Begin PBXContainerItemProxy section */
		90AF03501EA2F44600513FD5 /* PBXContainerItemProxy */ = {
			isa = PBXContainerItemProxy;
			containerPortal = 90AF02E11EA1515E00513FD5 /* Project object */;
			proxyType = 1;
			remoteGlobalIDString = 90AF02E81EA1515E00513FD5;
			remoteInfo = SimpleStock;
		};
/* End PBXContainerItemProxy section */

/* Begin PBXFileReference section */
		35A25629CE07FECB07236F2B /* Pods_SimpleStock.framework */ = {isa = PBXFileReference; explicitFileType = wrapper.framework; includeInIndex = 0; path = Pods_SimpleStock.framework; sourceTree = BUILT_PRODUCTS_DIR; };
		50A5A07724DE2AF904A796AE /* Pods_SimpleStock_SimpleStockTests.framework */ = {isa = PBXFileReference; explicitFileType = wrapper.framework; includeInIndex = 0; path = Pods_SimpleStock_SimpleStockTests.framework; sourceTree = BUILT_PRODUCTS_DIR; };
		51F344B48E8389C6A20C6C90 /* Pods-SimpleStock-SimpleStockTests.debug.xcconfig */ = {isa = PBXFileReference; includeInIndex = 1; lastKnownFileType = text.xcconfig; name = "Pods-SimpleStock-SimpleStockTests.debug.xcconfig"; path = "Pods/Target Support Files/Pods-SimpleStock-SimpleStockTests/Pods-SimpleStock-SimpleStockTests.debug.xcconfig"; sourceTree = "<group>"; };
		90A43A0C1EA5235100A9F033 /* Search.storyboard */ = {isa = PBXFileReference; fileEncoding = 4; lastKnownFileType = file.storyboard; path = Search.storyboard; sourceTree = "<group>"; };
		90A43A0E1EA5239900A9F033 /* LaunchViewController.swift */ = {isa = PBXFileReference; fileEncoding = 4; lastKnownFileType = sourcecode.swift; path = LaunchViewController.swift; sourceTree = "<group>"; };
		90A43A101EA5310F00A9F033 /* Storyboard.swift */ = {isa = PBXFileReference; fileEncoding = 4; lastKnownFileType = sourcecode.swift; path = Storyboard.swift; sourceTree = "<group>"; };
		90A43A121EA5513C00A9F033 /* SearchTableViewCell.swift */ = {isa = PBXFileReference; fileEncoding = 4; lastKnownFileType = sourcecode.swift; path = SearchTableViewCell.swift; sourceTree = "<group>"; };
		90A43A171EA55BF000A9F033 /* SearchTableViewCell.xib */ = {isa = PBXFileReference; fileEncoding = 4; lastKnownFileType = file.xib; path = SearchTableViewCell.xib; sourceTree = "<group>"; };
		90AF02E91EA1515E00513FD5 /* SimpleStock.app */ = {isa = PBXFileReference; explicitFileType = wrapper.application; includeInIndex = 0; path = SimpleStock.app; sourceTree = BUILT_PRODUCTS_DIR; };
		90AF02EC1EA1515E00513FD5 /* AppDelegate.swift */ = {isa = PBXFileReference; lastKnownFileType = sourcecode.swift; path = AppDelegate.swift; sourceTree = "<group>"; };
		90AF02F11EA1515E00513FD5 /* Base */ = {isa = PBXFileReference; lastKnownFileType = file.storyboard; name = Base; path = Base.lproj/Main.storyboard; sourceTree = "<group>"; };
		90AF02F41EA1515E00513FD5 /* SimpleStock.xcdatamodel */ = {isa = PBXFileReference; lastKnownFileType = wrapper.xcdatamodel; path = SimpleStock.xcdatamodel; sourceTree = "<group>"; };
		90AF02F61EA1515E00513FD5 /* Assets.xcassets */ = {isa = PBXFileReference; lastKnownFileType = folder.assetcatalog; path = Assets.xcassets; sourceTree = "<group>"; };
		90AF02F91EA1515E00513FD5 /* Base */ = {isa = PBXFileReference; lastKnownFileType = file.storyboard; name = Base; path = Base.lproj/LaunchScreen.storyboard; sourceTree = "<group>"; };
		90AF02FB1EA1515E00513FD5 /* Info.plist */ = {isa = PBXFileReference; lastKnownFileType = text.plist.xml; path = Info.plist; sourceTree = "<group>"; };
		90AF03061EA15FED00513FD5 /* AMEX.csv */ = {isa = PBXFileReference; fileEncoding = 4; lastKnownFileType = text; path = AMEX.csv; sourceTree = "<group>"; };
		90AF03071EA15FED00513FD5 /* NYSE.csv */ = {isa = PBXFileReference; fileEncoding = 4; lastKnownFileType = text; path = NYSE.csv; sourceTree = "<group>"; };
		90AF03081EA15FED00513FD5 /* NASDAQ.csv */ = {isa = PBXFileReference; fileEncoding = 4; lastKnownFileType = text; path = NASDAQ.csv; sourceTree = "<group>"; };
		90AF03221EA171BB00513FD5 /* Chart.storyboard */ = {isa = PBXFileReference; fileEncoding = 4; lastKnownFileType = file.storyboard; path = Chart.storyboard; sourceTree = "<group>"; };
		90AF03241EA171E900513FD5 /* ChartViewController.swift */ = {isa = PBXFileReference; fileEncoding = 4; lastKnownFileType = sourcecode.swift; path = ChartViewController.swift; sourceTree = "<group>"; };
		90AF03261EA171FD00513FD5 /* SearchViewController.swift */ = {isa = PBXFileReference; fileEncoding = 4; lastKnownFileType = sourcecode.swift; path = SearchViewController.swift; sourceTree = "<group>"; };
		90AF03321EA1AD5C00513FD5 /* CSVHandler.swift */ = {isa = PBXFileReference; fileEncoding = 4; lastKnownFileType = sourcecode.swift; path = CSVHandler.swift; sourceTree = "<group>"; };
		90AF033D1EA2BB3500513FD5 /* Stock+CoreDataClass.swift */ = {isa = PBXFileReference; fileEncoding = 4; lastKnownFileType = sourcecode.swift; path = "Stock+CoreDataClass.swift"; sourceTree = "<group>"; };
		90AF033E1EA2BB3500513FD5 /* Stock+CoreDataProperties.swift */ = {isa = PBXFileReference; fileEncoding = 4; lastKnownFileType = sourcecode.swift; path = "Stock+CoreDataProperties.swift"; sourceTree = "<group>"; };
		90AF033F1EA2BB3500513FD5 /* StockChart+CoreDataClass.swift */ = {isa = PBXFileReference; fileEncoding = 4; lastKnownFileType = sourcecode.swift; path = "StockChart+CoreDataClass.swift"; sourceTree = "<group>"; };
		90AF03401EA2BB3500513FD5 /* StockChart+CoreDataProperties.swift */ = {isa = PBXFileReference; fileEncoding = 4; lastKnownFileType = sourcecode.swift; path = "StockChart+CoreDataProperties.swift"; sourceTree = "<group>"; };
		90AF03451EA2DBC600513FD5 /* ProgressView.swift */ = {isa = PBXFileReference; fileEncoding = 4; lastKnownFileType = sourcecode.swift; path = ProgressView.swift; sourceTree = "<group>"; };
		90AF034B1EA2F44600513FD5 /* SimpleStockTests.xctest */ = {isa = PBXFileReference; explicitFileType = wrapper.cfbundle; includeInIndex = 0; path = SimpleStockTests.xctest; sourceTree = BUILT_PRODUCTS_DIR; };
		90AF034D1EA2F44600513FD5 /* SimpleStockTests.swift */ = {isa = PBXFileReference; lastKnownFileType = sourcecode.swift; path = SimpleStockTests.swift; sourceTree = "<group>"; };
		90AF034F1EA2F44600513FD5 /* Info.plist */ = {isa = PBXFileReference; lastKnownFileType = text.plist.xml; path = Info.plist; sourceTree = "<group>"; };
		A9A34099F39F05C55AB56114 /* Pods-SimpleStock.release.xcconfig */ = {isa = PBXFileReference; includeInIndex = 1; lastKnownFileType = text.xcconfig; name = "Pods-SimpleStock.release.xcconfig"; path = "Pods/Target Support Files/Pods-SimpleStock/Pods-SimpleStock.release.xcconfig"; sourceTree = "<group>"; };
		EDA38DEB9A0BFC35647C09C7 /* Pods-SimpleStock-SimpleStockTests.release.xcconfig */ = {isa = PBXFileReference; includeInIndex = 1; lastKnownFileType = text.xcconfig; name = "Pods-SimpleStock-SimpleStockTests.release.xcconfig"; path = "Pods/Target Support Files/Pods-SimpleStock-SimpleStockTests/Pods-SimpleStock-SimpleStockTests.release.xcconfig"; sourceTree = "<group>"; };
		F9074F8EF9F0D818B29E7DE4 /* Pods-SimpleStock.debug.xcconfig */ = {isa = PBXFileReference; includeInIndex = 1; lastKnownFileType = text.xcconfig; name = "Pods-SimpleStock.debug.xcconfig"; path = "Pods/Target Support Files/Pods-SimpleStock/Pods-SimpleStock.debug.xcconfig"; sourceTree = "<group>"; };
/* End PBXFileReference section */

/* Begin PBXFrameworksBuildPhase section */
		90AF02E61EA1515E00513FD5 /* Frameworks */ = {
			isa = PBXFrameworksBuildPhase;
			buildActionMask = 2147483647;
			files = (
				421A75FA52D8A3E1942B6C93 /* Pods_SimpleStock.framework in Frameworks */,
			);
			runOnlyForDeploymentPostprocessing = 0;
		};
		90AF03481EA2F44600513FD5 /* Frameworks */ = {
			isa = PBXFrameworksBuildPhase;
			buildActionMask = 2147483647;
			files = (
				4245E7A93F72B0C6F3C85071 /* Pods_SimpleStock_SimpleStockTests.framework in Frameworks */,
			);
			runOnlyForDeploymentPostprocessing = 0;
		};
/* End PBXFrameworksBuildPhase section */

/* Begin PBXGroup section */
		195C41FD40757D195BCA786B /* Pods */ = {
			isa = PBXGroup;
			children = (
				F9074F8EF9F0D818B29E7DE4 /* Pods-SimpleStock.debug.xcconfig */,
				A9A34099F39F05C55AB56114 /* Pods-SimpleStock.release.xcconfig */,
				51F344B48E8389C6A20C6C90 /* Pods-SimpleStock-SimpleStockTests.debug.xcconfig */,
				EDA38DEB9A0BFC35647C09C7 /* Pods-SimpleStock-SimpleStockTests.release.xcconfig */,
			);
			name = Pods;
			sourceTree = "<group>";
		};
		90A43A091EA5230300A9F033 /* Launch */ = {
			isa = PBXGroup;
			children = (
				90AF02F01EA1515E00513FD5 /* Main.storyboard */,
				90A43A0E1EA5239900A9F033 /* LaunchViewController.swift */,
			);
			name = Launch;
			sourceTree = "<group>";
		};
		90A43A141EA5514200A9F033 /* Search */ = {
			isa = PBXGroup;
			children = (
				90A43A171EA55BF000A9F033 /* SearchTableViewCell.xib */,
				90A43A121EA5513C00A9F033 /* SearchTableViewCell.swift */,
			);
			name = Search;
			sourceTree = "<group>";
		};
		90AF02E01EA1515D00513FD5 = {
			isa = PBXGroup;
			children = (
				90AF02EB1EA1515E00513FD5 /* SimpleStock */,
				90AF034C1EA2F44600513FD5 /* SimpleStockTests */,
				90AF02EA1EA1515E00513FD5 /* Products */,
				195C41FD40757D195BCA786B /* Pods */,
				FC1AF72A8001876457731FCA /* Frameworks */,
			);
			sourceTree = "<group>";
		};
		90AF02EA1EA1515E00513FD5 /* Products */ = {
			isa = PBXGroup;
			children = (
				90AF02E91EA1515E00513FD5 /* SimpleStock.app */,
				90AF034B1EA2F44600513FD5 /* SimpleStockTests.xctest */,
			);
			name = Products;
			sourceTree = "<group>";
		};
		90AF02EB1EA1515E00513FD5 /* SimpleStock */ = {
			isa = PBXGroup;
			children = (
				90AF03021EA15BBF00513FD5 /* Supporing Files */,
				90AF03341EA2B9AC00513FD5 /* CSV */,
				90AF031C1EA16E5900513FD5 /* ViewController */,
				90AF03031EA15BCF00513FD5 /* Model */,
				90AF03011EA15BB600513FD5 /* View */,
			);
			path = SimpleStock;
			sourceTree = "<group>";
		};
		90AF03011EA15BB600513FD5 /* View */ = {
			isa = PBXGroup;
			children = (
				90A43A141EA5514200A9F033 /* Search */,
			);
			name = View;
			sourceTree = "<group>";
		};
		90AF03021EA15BBF00513FD5 /* Supporing Files */ = {
			isa = PBXGroup;
			children = (
				90AF02EC1EA1515E00513FD5 /* AppDelegate.swift */,
				90AF02F61EA1515E00513FD5 /* Assets.xcassets */,
				90AF02F81EA1515E00513FD5 /* LaunchScreen.storyboard */,
				90AF02FB1EA1515E00513FD5 /* Info.plist */,
				90AF03451EA2DBC600513FD5 /* ProgressView.swift */,
			);
			name = "Supporing Files";
			sourceTree = "<group>";
		};
		90AF03031EA15BCF00513FD5 /* Model */ = {
			isa = PBXGroup;
			children = (
				90AF03051EA15C5000513FD5 /* CoreData */,
			);
			name = Model;
			sourceTree = "<group>";
		};
		90AF03051EA15C5000513FD5 /* CoreData */ = {
			isa = PBXGroup;
			children = (
				90AF033D1EA2BB3500513FD5 /* Stock+CoreDataClass.swift */,
				90AF033E1EA2BB3500513FD5 /* Stock+CoreDataProperties.swift */,
				90AF033F1EA2BB3500513FD5 /* StockChart+CoreDataClass.swift */,
				90AF03401EA2BB3500513FD5 /* StockChart+CoreDataProperties.swift */,
				90AF02F31EA1515E00513FD5 /* SimpleStock.xcdatamodeld */,
			);
			name = CoreData;
			sourceTree = "<group>";
		};
		90AF031C1EA16E5900513FD5 /* ViewController */ = {
			isa = PBXGroup;
			children = (
				90A43A101EA5310F00A9F033 /* Storyboard.swift */,
				90A43A091EA5230300A9F033 /* Launch */,
				90AF031D1EA1711200513FD5 /* Search */,
				90AF031E1EA1711800513FD5 /* Chart */,
			);
			name = ViewController;
			sourceTree = "<group>";
		};
		90AF031D1EA1711200513FD5 /* Search */ = {
			isa = PBXGroup;
			children = (
				90A43A0C1EA5235100A9F033 /* Search.storyboard */,
				90AF03261EA171FD00513FD5 /* SearchViewController.swift */,
			);
			name = Search;
			sourceTree = "<group>";
		};
		90AF031E1EA1711800513FD5 /* Chart */ = {
			isa = PBXGroup;
			children = (
				90AF03221EA171BB00513FD5 /* Chart.storyboard */,
				90AF03241EA171E900513FD5 /* ChartViewController.swift */,
			);
			name = Chart;
			sourceTree = "<group>";
		};
		90AF03341EA2B9AC00513FD5 /* CSV */ = {
			isa = PBXGroup;
			children = (
				90AF03321EA1AD5C00513FD5 /* CSVHandler.swift */,
				90AF03061EA15FED00513FD5 /* AMEX.csv */,
				90AF03071EA15FED00513FD5 /* NYSE.csv */,
				90AF03081EA15FED00513FD5 /* NASDAQ.csv */,
			);
			name = CSV;
			sourceTree = "<group>";
		};
		90AF034C1EA2F44600513FD5 /* SimpleStockTests */ = {
			isa = PBXGroup;
			children = (
				90AF034D1EA2F44600513FD5 /* SimpleStockTests.swift */,
				90AF034F1EA2F44600513FD5 /* Info.plist */,
			);
			path = SimpleStockTests;
			sourceTree = "<group>";
		};
		FC1AF72A8001876457731FCA /* Frameworks */ = {
			isa = PBXGroup;
			children = (
				35A25629CE07FECB07236F2B /* Pods_SimpleStock.framework */,
				50A5A07724DE2AF904A796AE /* Pods_SimpleStock_SimpleStockTests.framework */,
			);
			name = Frameworks;
			sourceTree = "<group>";
		};
/* End PBXGroup section */

/* Begin PBXNativeTarget section */
		90AF02E81EA1515E00513FD5 /* SimpleStock */ = {
			isa = PBXNativeTarget;
			buildConfigurationList = 90AF02FE1EA1515E00513FD5 /* Build configuration list for PBXNativeTarget "SimpleStock" */;
			buildPhases = (
				E5C1174CE796AB1DCB7778DB /* [CP] Check Pods Manifest.lock */,
				90AF02E51EA1515E00513FD5 /* Sources */,
				90AF02E61EA1515E00513FD5 /* Frameworks */,
				90AF02E71EA1515E00513FD5 /* Resources */,
				2F15F6AC8369D8783DC38773 /* [CP] Embed Pods Frameworks */,
				D447FC0B32C473F5E4336211 /* [CP] Copy Pods Resources */,
			);
			buildRules = (
			);
			dependencies = (
			);
			name = SimpleStock;
			productName = SimpleStock;
			productReference = 90AF02E91EA1515E00513FD5 /* SimpleStock.app */;
			productType = "com.apple.product-type.application";
		};
		90AF034A1EA2F44600513FD5 /* SimpleStockTests */ = {
			isa = PBXNativeTarget;
			buildConfigurationList = 90AF03521EA2F44600513FD5 /* Build configuration list for PBXNativeTarget "SimpleStockTests" */;
			buildPhases = (
				57FE24CB6C888E6E6A37785C /* [CP] Check Pods Manifest.lock */,
				90AF03471EA2F44600513FD5 /* Sources */,
				90AF03481EA2F44600513FD5 /* Frameworks */,
				90AF03491EA2F44600513FD5 /* Resources */,
				70F181F94D0D1218E95DB19A /* [CP] Embed Pods Frameworks */,
				9B47BB7F4937DABF718D3D9C /* [CP] Copy Pods Resources */,
			);
			buildRules = (
			);
			dependencies = (
				90AF03511EA2F44600513FD5 /* PBXTargetDependency */,
			);
			name = SimpleStockTests;
			productName = SimpleStockTests;
			productReference = 90AF034B1EA2F44600513FD5 /* SimpleStockTests.xctest */;
			productType = "com.apple.product-type.bundle.unit-test";
		};
/* End PBXNativeTarget section */

/* Begin PBXProject section */
		90AF02E11EA1515E00513FD5 /* Project object */ = {
			isa = PBXProject;
			attributes = {
				LastSwiftUpdateCheck = 0830;
				LastUpgradeCheck = 0830;
				ORGANIZATIONNAME = "Corey Pett";
				TargetAttributes = {
					90AF02E81EA1515E00513FD5 = {
						CreatedOnToolsVersion = 8.3.1;
						DevelopmentTeam = LE87SQ7BUA;
						ProvisioningStyle = Automatic;
					};
					90AF034A1EA2F44600513FD5 = {
						CreatedOnToolsVersion = 8.3.1;
						DevelopmentTeam = LE87SQ7BUA;
						ProvisioningStyle = Automatic;
						TestTargetID = 90AF02E81EA1515E00513FD5;
					};
				};
			};
			buildConfigurationList = 90AF02E41EA1515E00513FD5 /* Build configuration list for PBXProject "SimpleStock" */;
			compatibilityVersion = "Xcode 3.2";
			developmentRegion = English;
			hasScannedForEncodings = 0;
			knownRegions = (
				en,
				Base,
			);
			mainGroup = 90AF02E01EA1515D00513FD5;
			productRefGroup = 90AF02EA1EA1515E00513FD5 /* Products */;
			projectDirPath = "";
			projectRoot = "";
			targets = (
				90AF02E81EA1515E00513FD5 /* SimpleStock */,
				90AF034A1EA2F44600513FD5 /* SimpleStockTests */,
			);
		};
/* End PBXProject section */

/* Begin PBXResourcesBuildPhase section */
		90AF02E71EA1515E00513FD5 /* Resources */ = {
			isa = PBXResourcesBuildPhase;
			buildActionMask = 2147483647;
			files = (
				90AF030B1EA15FED00513FD5 /* NASDAQ.csv in Resources */,
				90AF02FA1EA1515E00513FD5 /* LaunchScreen.storyboard in Resources */,
				90A43A181EA55BF000A9F033 /* SearchTableViewCell.xib in Resources */,
				90AF03091EA15FED00513FD5 /* AMEX.csv in Resources */,
				90A43A0D1EA5235100A9F033 /* Search.storyboard in Resources */,
				90AF02F71EA1515E00513FD5 /* Assets.xcassets in Resources */,
				90AF03231EA171BB00513FD5 /* Chart.storyboard in Resources */,
				90AF030A1EA15FED00513FD5 /* NYSE.csv in Resources */,
				90AF02F21EA1515E00513FD5 /* Main.storyboard in Resources */,
			);
			runOnlyForDeploymentPostprocessing = 0;
		};
		90AF03491EA2F44600513FD5 /* Resources */ = {
			isa = PBXResourcesBuildPhase;
			buildActionMask = 2147483647;
			files = (
			);
			runOnlyForDeploymentPostprocessing = 0;
		};
/* End PBXResourcesBuildPhase section */

/* Begin PBXShellScriptBuildPhase section */
		2F15F6AC8369D8783DC38773 /* [CP] Embed Pods Frameworks */ = {
			isa = PBXShellScriptBuildPhase;
			buildActionMask = 2147483647;
			files = (
			);
			inputPaths = (
			);
			name = "[CP] Embed Pods Frameworks";
			outputPaths = (
			);
			runOnlyForDeploymentPostprocessing = 0;
			shellPath = /bin/sh;
			shellScript = "\"${SRCROOT}/Pods/Target Support Files/Pods-SimpleStock/Pods-SimpleStock-frameworks.sh\"\n";
			showEnvVarsInLog = 0;
		};
		57FE24CB6C888E6E6A37785C /* [CP] Check Pods Manifest.lock */ = {
			isa = PBXShellScriptBuildPhase;
			buildActionMask = 2147483647;
			files = (
			);
			inputPaths = (
			);
			name = "[CP] Check Pods Manifest.lock";
			outputPaths = (
			);
			runOnlyForDeploymentPostprocessing = 0;
			shellPath = /bin/sh;
			shellScript = "diff \"${PODS_ROOT}/../Podfile.lock\" \"${PODS_ROOT}/Manifest.lock\" > /dev/null\nif [ $? != 0 ] ; then\n    # print error to STDERR\n    echo \"error: The sandbox is not in sync with the Podfile.lock. Run 'pod install' or update your CocoaPods installation.\" >&2\n    exit 1\nfi\n";
			showEnvVarsInLog = 0;
		};
		70F181F94D0D1218E95DB19A /* [CP] Embed Pods Frameworks */ = {
			isa = PBXShellScriptBuildPhase;
			buildActionMask = 2147483647;
			files = (
			);
			inputPaths = (
			);
			name = "[CP] Embed Pods Frameworks";
			outputPaths = (
			);
			runOnlyForDeploymentPostprocessing = 0;
			shellPath = /bin/sh;
			shellScript = "\"${SRCROOT}/Pods/Target Support Files/Pods-SimpleStock-SimpleStockTests/Pods-SimpleStock-SimpleStockTests-frameworks.sh\"\n";
			showEnvVarsInLog = 0;
		};
		9B47BB7F4937DABF718D3D9C /* [CP] Copy Pods Resources */ = {
			isa = PBXShellScriptBuildPhase;
			buildActionMask = 2147483647;
			files = (
			);
			inputPaths = (
			);
			name = "[CP] Copy Pods Resources";
			outputPaths = (
			);
			runOnlyForDeploymentPostprocessing = 0;
			shellPath = /bin/sh;
			shellScript = "\"${SRCROOT}/Pods/Target Support Files/Pods-SimpleStock-SimpleStockTests/Pods-SimpleStock-SimpleStockTests-resources.sh\"\n";
			showEnvVarsInLog = 0;
		};
		D447FC0B32C473F5E4336211 /* [CP] Copy Pods Resources */ = {
			isa = PBXShellScriptBuildPhase;
			buildActionMask = 2147483647;
			files = (
			);
			inputPaths = (
			);
			name = "[CP] Copy Pods Resources";
			outputPaths = (
			);
			runOnlyForDeploymentPostprocessing = 0;
			shellPath = /bin/sh;
			shellScript = "\"${SRCROOT}/Pods/Target Support Files/Pods-SimpleStock/Pods-SimpleStock-resources.sh\"\n";
			showEnvVarsInLog = 0;
		};
		E5C1174CE796AB1DCB7778DB /* [CP] Check Pods Manifest.lock */ = {
			isa = PBXShellScriptBuildPhase;
			buildActionMask = 2147483647;
			files = (
			);
			inputPaths = (
			);
			name = "[CP] Check Pods Manifest.lock";
			outputPaths = (
			);
			runOnlyForDeploymentPostprocessing = 0;
			shellPath = /bin/sh;
			shellScript = "diff \"${PODS_ROOT}/../Podfile.lock\" \"${PODS_ROOT}/Manifest.lock\" > /dev/null\nif [ $? != 0 ] ; then\n    # print error to STDERR\n    echo \"error: The sandbox is not in sync with the Podfile.lock. Run 'pod install' or update your CocoaPods installation.\" >&2\n    exit 1\nfi\n";
			showEnvVarsInLog = 0;
		};
/* End PBXShellScriptBuildPhase section */

/* Begin PBXSourcesBuildPhase section */
		90AF02E51EA1515E00513FD5 /* Sources */ = {
			isa = PBXSourcesBuildPhase;
			buildActionMask = 2147483647;
			files = (
				90AF03441EA2BB3500513FD5 /* StockChart+CoreDataProperties.swift in Sources */,
				90AF02F51EA1515E00513FD5 /* SimpleStock.xcdatamodeld in Sources */,
				90AF02ED1EA1515E00513FD5 /* AppDelegate.swift in Sources */,
				90AF03411EA2BB3500513FD5 /* Stock+CoreDataClass.swift in Sources */,
				90A43A111EA5310F00A9F033 /* Storyboard.swift in Sources */,
				90AF03431EA2BB3500513FD5 /* StockChart+CoreDataClass.swift in Sources */,
				90AF03331EA1AD5C00513FD5 /* CSVHandler.swift in Sources */,
				90AF03271EA171FD00513FD5 /* SearchViewController.swift in Sources */,
				90A43A131EA5513C00A9F033 /* SearchTableViewCell.swift in Sources */,
				90AF03461EA2DBC600513FD5 /* ProgressView.swift in Sources */,
				90A43A0F1EA5239900A9F033 /* LaunchViewController.swift in Sources */,
				90AF03251EA171E900513FD5 /* ChartViewController.swift in Sources */,
				90AF03421EA2BB3500513FD5 /* Stock+CoreDataProperties.swift in Sources */,
			);
			runOnlyForDeploymentPostprocessing = 0;
		};
		90AF03471EA2F44600513FD5 /* Sources */ = {
			isa = PBXSourcesBuildPhase;
			buildActionMask = 2147483647;
			files = (
				90AF034E1EA2F44600513FD5 /* SimpleStockTests.swift in Sources */,
			);
			runOnlyForDeploymentPostprocessing = 0;
		};
/* End PBXSourcesBuildPhase section */

/* Begin PBXTargetDependency section */
		90AF03511EA2F44600513FD5 /* PBXTargetDependency */ = {
			isa = PBXTargetDependency;
			target = 90AF02E81EA1515E00513FD5 /* SimpleStock */;
			targetProxy = 90AF03501EA2F44600513FD5 /* PBXContainerItemProxy */;
		};
/* End PBXTargetDependency section */

/* Begin PBXVariantGroup section */
		90AF02F01EA1515E00513FD5 /* Main.storyboard */ = {
			isa = PBXVariantGroup;
			children = (
				90AF02F11EA1515E00513FD5 /* Base */,
			);
			name = Main.storyboard;
			sourceTree = "<group>";
		};
		90AF02F81EA1515E00513FD5 /* LaunchScreen.storyboard */ = {
			isa = PBXVariantGroup;
			children = (
				90AF02F91EA1515E00513FD5 /* Base */,
			);
			name = LaunchScreen.storyboard;
			sourceTree = "<group>";
		};
/* End PBXVariantGroup section */

/* Begin XCBuildConfiguration section */
		90AF02FC1EA1515E00513FD5 /* Debug */ = {
			isa = XCBuildConfiguration;
			buildSettings = {
				ALWAYS_SEARCH_USER_PATHS = NO;
				CLANG_ANALYZER_NONNULL = YES;
				CLANG_ANALYZER_NUMBER_OBJECT_CONVERSION = YES_AGGRESSIVE;
				CLANG_CXX_LANGUAGE_STANDARD = "gnu++0x";
				CLANG_CXX_LIBRARY = "libc++";
				CLANG_ENABLE_MODULES = YES;
				CLANG_ENABLE_OBJC_ARC = YES;
				CLANG_WARN_BOOL_CONVERSION = YES;
				CLANG_WARN_CONSTANT_CONVERSION = YES;
				CLANG_WARN_DIRECT_OBJC_ISA_USAGE = YES_ERROR;
				CLANG_WARN_DOCUMENTATION_COMMENTS = YES;
				CLANG_WARN_EMPTY_BODY = YES;
				CLANG_WARN_ENUM_CONVERSION = YES;
				CLANG_WARN_INFINITE_RECURSION = YES;
				CLANG_WARN_INT_CONVERSION = YES;
				CLANG_WARN_OBJC_ROOT_CLASS = YES_ERROR;
				CLANG_WARN_SUSPICIOUS_MOVE = YES;
				CLANG_WARN_UNREACHABLE_CODE = YES;
				CLANG_WARN__DUPLICATE_METHOD_MATCH = YES;
				"CODE_SIGN_IDENTITY[sdk=iphoneos*]" = "iPhone Developer";
				COPY_PHASE_STRIP = NO;
				DEBUG_INFORMATION_FORMAT = dwarf;
				ENABLE_STRICT_OBJC_MSGSEND = YES;
				ENABLE_TESTABILITY = YES;
				GCC_C_LANGUAGE_STANDARD = gnu99;
				GCC_DYNAMIC_NO_PIC = NO;
				GCC_NO_COMMON_BLOCKS = YES;
				GCC_OPTIMIZATION_LEVEL = 0;
				GCC_PREPROCESSOR_DEFINITIONS = (
					"DEBUG=1",
					"$(inherited)",
				);
				GCC_WARN_64_TO_32_BIT_CONVERSION = YES;
				GCC_WARN_ABOUT_RETURN_TYPE = YES_ERROR;
				GCC_WARN_UNDECLARED_SELECTOR = YES;
				GCC_WARN_UNINITIALIZED_AUTOS = YES_AGGRESSIVE;
				GCC_WARN_UNUSED_FUNCTION = YES;
				GCC_WARN_UNUSED_VARIABLE = YES;
				IPHONEOS_DEPLOYMENT_TARGET = 10.3;
				MTL_ENABLE_DEBUG_INFO = YES;
				ONLY_ACTIVE_ARCH = YES;
				SDKROOT = iphoneos;
				SWIFT_ACTIVE_COMPILATION_CONDITIONS = DEBUG;
				SWIFT_OPTIMIZATION_LEVEL = "-Onone";
				TARGETED_DEVICE_FAMILY = "1,2";
			};
			name = Debug;
		};
		90AF02FD1EA1515E00513FD5 /* Release */ = {
			isa = XCBuildConfiguration;
			buildSettings = {
				ALWAYS_SEARCH_USER_PATHS = NO;
				CLANG_ANALYZER_NONNULL = YES;
				CLANG_ANALYZER_NUMBER_OBJECT_CONVERSION = YES_AGGRESSIVE;
				CLANG_CXX_LANGUAGE_STANDARD = "gnu++0x";
				CLANG_CXX_LIBRARY = "libc++";
				CLANG_ENABLE_MODULES = YES;
				CLANG_ENABLE_OBJC_ARC = YES;
				CLANG_WARN_BOOL_CONVERSION = YES;
				CLANG_WARN_CONSTANT_CONVERSION = YES;
				CLANG_WARN_DIRECT_OBJC_ISA_USAGE = YES_ERROR;
				CLANG_WARN_DOCUMENTATION_COMMENTS = YES;
				CLANG_WARN_EMPTY_BODY = YES;
				CLANG_WARN_ENUM_CONVERSION = YES;
				CLANG_WARN_INFINITE_RECURSION = YES;
				CLANG_WARN_INT_CONVERSION = YES;
				CLANG_WARN_OBJC_ROOT_CLASS = YES_ERROR;
				CLANG_WARN_SUSPICIOUS_MOVE = YES;
				CLANG_WARN_UNREACHABLE_CODE = YES;
				CLANG_WARN__DUPLICATE_METHOD_MATCH = YES;
				"CODE_SIGN_IDENTITY[sdk=iphoneos*]" = "iPhone Developer";
				COPY_PHASE_STRIP = NO;
				DEBUG_INFORMATION_FORMAT = "dwarf-with-dsym";
				ENABLE_NS_ASSERTIONS = NO;
				ENABLE_STRICT_OBJC_MSGSEND = YES;
				GCC_C_LANGUAGE_STANDARD = gnu99;
				GCC_NO_COMMON_BLOCKS = YES;
				GCC_WARN_64_TO_32_BIT_CONVERSION = YES;
				GCC_WARN_ABOUT_RETURN_TYPE = YES_ERROR;
				GCC_WARN_UNDECLARED_SELECTOR = YES;
				GCC_WARN_UNINITIALIZED_AUTOS = YES_AGGRESSIVE;
				GCC_WARN_UNUSED_FUNCTION = YES;
				GCC_WARN_UNUSED_VARIABLE = YES;
				IPHONEOS_DEPLOYMENT_TARGET = 10.3;
				MTL_ENABLE_DEBUG_INFO = NO;
				SDKROOT = iphoneos;
				SWIFT_OPTIMIZATION_LEVEL = "-Owholemodule";
				TARGETED_DEVICE_FAMILY = "1,2";
				VALIDATE_PRODUCT = YES;
			};
			name = Release;
		};
		90AF02FF1EA1515E00513FD5 /* Debug */ = {
			isa = XCBuildConfiguration;
			baseConfigurationReference = F9074F8EF9F0D818B29E7DE4 /* Pods-SimpleStock.debug.xcconfig */;
			buildSettings = {
				ASSETCATALOG_COMPILER_APPICON_NAME = AppIcon;
				DEVELOPMENT_TEAM = LE87SQ7BUA;
				INFOPLIST_FILE = SimpleStock/Info.plist;
				IPHONEOS_DEPLOYMENT_TARGET = 10.0;
				LD_RUNPATH_SEARCH_PATHS = "$(inherited) @executable_path/Frameworks";
				PRODUCT_BUNDLE_IDENTIFIER = CP.SimpleStock;
				PRODUCT_NAME = "$(TARGET_NAME)";
				SWIFT_VERSION = 3.0;
			};
			name = Debug;
		};
		90AF03001EA1515E00513FD5 /* Release */ = {
			isa = XCBuildConfiguration;
			baseConfigurationReference = A9A34099F39F05C55AB56114 /* Pods-SimpleStock.release.xcconfig */;
			buildSettings = {
				ASSETCATALOG_COMPILER_APPICON_NAME = AppIcon;
				DEVELOPMENT_TEAM = LE87SQ7BUA;
				INFOPLIST_FILE = SimpleStock/Info.plist;
				IPHONEOS_DEPLOYMENT_TARGET = 10.0;
				LD_RUNPATH_SEARCH_PATHS = "$(inherited) @executable_path/Frameworks";
				PRODUCT_BUNDLE_IDENTIFIER = CP.SimpleStock;
				PRODUCT_NAME = "$(TARGET_NAME)";
				SWIFT_VERSION = 3.0;
			};
			name = Release;
		};
		90AF03531EA2F44600513FD5 /* Debug */ = {
			isa = XCBuildConfiguration;
			baseConfigurationReference = 51F344B48E8389C6A20C6C90 /* Pods-SimpleStock-SimpleStockTests.debug.xcconfig */;
			buildSettings = {
				BUNDLE_LOADER = "$(TEST_HOST)";
				DEVELOPMENT_TEAM = LE87SQ7BUA;
				INFOPLIST_FILE = SimpleStockTests/Info.plist;
				LD_RUNPATH_SEARCH_PATHS = "$(inherited) @executable_path/Frameworks @loader_path/Frameworks";
				PRODUCT_BUNDLE_IDENTIFIER = CP.SimpleStockTests;
				PRODUCT_NAME = "$(TARGET_NAME)";
				SWIFT_VERSION = 3.0;
				TEST_HOST = "$(BUILT_PRODUCTS_DIR)/SimpleStock.app/SimpleStock";
			};
			name = Debug;
		};
		90AF03541EA2F44600513FD5 /* Release */ = {
			isa = XCBuildConfiguration;
			baseConfigurationReference = EDA38DEB9A0BFC35647C09C7 /* Pods-SimpleStock-SimpleStockTests.release.xcconfig */;
			buildSettings = {
				BUNDLE_LOADER = "$(TEST_HOST)";
				DEVELOPMENT_TEAM = LE87SQ7BUA;
				INFOPLIST_FILE = SimpleStockTests/Info.plist;
				LD_RUNPATH_SEARCH_PATHS = "$(inherited) @executable_path/Frameworks @loader_path/Frameworks";
				PRODUCT_BUNDLE_IDENTIFIER = CP.SimpleStockTests;
				PRODUCT_NAME = "$(TARGET_NAME)";
				SWIFT_VERSION = 3.0;
				TEST_HOST = "$(BUILT_PRODUCTS_DIR)/SimpleStock.app/SimpleStock";
			};
			name = Release;
		};
/* End XCBuildConfiguration section */

/* Begin XCConfigurationList section */
		90AF02E41EA1515E00513FD5 /* Build configuration list for PBXProject "SimpleStock" */ = {
			isa = XCConfigurationList;
			buildConfigurations = (
				90AF02FC1EA1515E00513FD5 /* Debug */,
				90AF02FD1EA1515E00513FD5 /* Release */,
			);
			defaultConfigurationIsVisible = 0;
			defaultConfigurationName = Release;
		};
		90AF02FE1EA1515E00513FD5 /* Build configuration list for PBXNativeTarget "SimpleStock" */ = {
			isa = XCConfigurationList;
			buildConfigurations = (
				90AF02FF1EA1515E00513FD5 /* Debug */,
				90AF03001EA1515E00513FD5 /* Release */,
			);
			defaultConfigurationIsVisible = 0;
			defaultConfigurationName = Release;
		};
		90AF03521EA2F44600513FD5 /* Build configuration list for PBXNativeTarget "SimpleStockTests" */ = {
			isa = XCConfigurationList;
			buildConfigurations = (
				90AF03531EA2F44600513FD5 /* Debug */,
				90AF03541EA2F44600513FD5 /* Release */,
			);
			defaultConfigurationIsVisible = 0;
			defaultConfigurationName = Release;
		};
/* End XCConfigurationList section */

/* Begin XCVersionGroup section */
		90AF02F31EA1515E00513FD5 /* SimpleStock.xcdatamodeld */ = {
			isa = XCVersionGroup;
			children = (
				90AF02F41EA1515E00513FD5 /* SimpleStock.xcdatamodel */,
			);
			currentVersion = 90AF02F41EA1515E00513FD5 /* SimpleStock.xcdatamodel */;
			path = SimpleStock.xcdatamodeld;
			sourceTree = "<group>";
			versionGroupType = wrapper.xcdatamodel;
		};
/* End XCVersionGroup section */
	};
	rootObject = 90AF02E11EA1515E00513FD5 /* Project object */;
}
